# This file is automatically @generated by Cargo.
# It is not intended for manual editing.
version = 4

[[package]]
name = "arch-common"
version = "0.1.0"

[[package]]
name = "arch-riscv64"
version = "0.1.0"
dependencies = [
 "arch-common",
]

[[package]]
name = "arch-x86_64"
version = "0.1.0"
dependencies = [
 "arch-common",
]

[[package]]
name = "drivers"
version = "0.1.0"
dependencies = [
 "arch-common",
]

[[package]]
name = "fs"
version = "0.1.0"

[[package]]
name = "kernel"
version = "0.1.0"
dependencies = [
 "arch-common",
 "arch-x86_64",
]

[[package]]
name = "kernel-boot"
version = "0.1.0"
dependencies = [
 "arch-x86_64",
 "kernel",
]

[[package]]
name = "libs"
version = "0.1.0"

[[package]]
name = "net"
version = "0.1.0"

[[package]]
name = "servers"
version = "0.1.0"
dependencies = [
 "kernel",
]

[[package]]
name = "userland"
version = "0.1.0"
