# This file is automatically @generated by Cargo.
# It is not intended for manual editing.
version = 4

[[package]]
name = "arch-common"
version = "0.1.0"

[[package]]
name = "arch-riscv64"
version = "0.1.0"
dependencies = [
 "arch-common",
]

[[package]]
name = "arch-x86_64"
version = "0.1.0"
dependencies = [
 "arch-common",
]

[[package]]
name = "bitflags"
version = "2.13.0"
source = "registry+https://github.com/rust-lang/crates.io-index"
checksum = "b4388bee8683e3d04af747c73422af53102d2bd24d9eadb6cbc100baef4b43f8"

[[package]]
name = "drivers"
version = "0.1.0"
dependencies = [
 "arch-common",
]

[[package]]
name = "fs"
version = "0.1.0"
dependencies = [
 "libs",
]

[[package]]
name = "kernel"
version = "0.1.0"
dependencies = [
 "arch-common",
 "arch-x86_64",
 "bitflags",
]

[[package]]
name = "kernel-boot"
version = "0.1.0"
dependencies = [
 "arch-common",
 "arch-x86_64",
 "drivers",
 "kernel",
]

[[package]]
name = "libs"
version = "0.1.0"

[[package]]
name = "minix-libc"
version = "0.1.0"
dependencies = [
 "minix-std",
]

[[package]]
name = "minix-rt"
version = "0.1.0"

[[package]]
name = "minix-std"
version = "0.1.0"
dependencies = [
 "minix-rt",
]

[[package]]
name = "minix-util"
version = "0.1.0"
dependencies = [
 "minix-std",
]

[[package]]
name = "net"
version = "0.1.0"

[[package]]
name = "servers"
version = "0.1.0"
dependencies = [
 "arch-common",
 "kernel",
 "minix-rt",
 "minix-std",
]

[[package]]
name = "userland"
version = "0.1.0"
dependencies = [
 "minix-rt",
 "minix-std",
]
