# This file is automatically @generated by Cargo.
# It is not intended for manual editing.
version = 4

[[package]]
name = "arch-common"
version = "0.1.0"

[[package]]
name = "minix-rt"
version = "0.1.0"

[[package]]
name = "minix-std"
version = "0.1.0"
dependencies = [
 "minix-rt",
 "net",
]

[[package]]
name = "minix-util"
version = "0.1.0"
dependencies = [
 "arch-common",
 "minix-rt",
 "minix-std",
]

[[package]]
name = "net"
version = "0.1.0"

[[package]]
name = "userland"
version = "0.1.0"
dependencies = [
 "minix-rt",
 "minix-std",
 "minix-util",
]

[[package]]
name = "wasm-program"
version = "0.1.0"
dependencies = [
 "minix-rt",
 "userland",
]
