# This file is automatically @generated by Cargo.
# It is not intended for manual editing.
version = 4

[[package]]
name = "arch-aarch64"
version = "0.1.0"
dependencies = [
 "arch-common",
]

[[package]]
name = "arch-common"
version = "0.1.0"

[[package]]
name = "arch-riscv64"
version = "0.1.0"
dependencies = [
 "arch-common",
]

[[package]]
name = "arch-sim"
version = "0.1.0"
dependencies = [
 "arch-common",
]

[[package]]
name = "arch-wasm32"
version = "0.1.0"
dependencies = [
 "arch-common",
 "arch-sim",
]

[[package]]
name = "arch-x86_64"
version = "0.1.0"
dependencies = [
 "arch-common",
]

[[package]]
name = "bitflags"
version = "2.13.2"
source = "registry+https://github.com/rust-lang/crates.io-index"
checksum = "3ded4057c258ba199e2d26386d3af3780957ecaee6c4ef4041c6b4b8b97c0b06"

[[package]]
name = "boot-image"
version = "0.1.0"

[[package]]
name = "drivers"
version = "0.1.0"
dependencies = [
 "arch-aarch64",
 "arch-common",
 "arch-riscv64",
 "arch-wasm32",
 "arch-x86_64",
]

[[package]]
name = "fs"
version = "0.1.0"
dependencies = [
 "arch-common",
 "libs",
 "minix-rt",
]

[[package]]
name = "kernel"
version = "0.1.0"
dependencies = [
 "arch-aarch64",
 "arch-common",
 "arch-riscv64",
 "arch-wasm32",
 "arch-x86_64",
 "bitflags",
 "boot-image",
]

[[package]]
name = "libs"
version = "0.1.0"
dependencies = [
 "arch-common",
 "minix-rt",
]

[[package]]
name = "minix-rt"
version = "0.1.0"

[[package]]
name = "minix-std"
version = "0.1.0"
dependencies = [
 "minix-rt",
 "net",
]

[[package]]
name = "minix-util"
version = "0.1.0"
dependencies = [
 "arch-common",
 "minix-rt",
 "minix-std",
]

[[package]]
name = "net"
version = "0.1.0"

[[package]]
name = "servers"
version = "0.1.0"
dependencies = [
 "arch-common",
 "drivers",
 "fs",
 "kernel",
 "libs",
 "minix-rt",
 "minix-std",
 "minix-util",
 "net",
]

[[package]]
name = "wasm-servers"
version = "0.1.0"
dependencies = [
 "arch-common",
 "fs",
 "minix-rt",
 "minix-util",
 "servers",
]
